github.com/mattn/go-sqlite3 v1.14.7 h1:fxWBnXkxfM6sRiuH3bqJ4CfzZojMOLVc0UTsTglEghA=
github.com/mattn/go-sqlite3 v1.14.7/go.mod h1:NyWgC/yNuGj7Q9rpYnZvas74GogHl5/Z4A/KQRfk6bU=
github.com/post04/webhook-utility v0.0.0-20210128070126-0e0edf3aa109 h1:y257E9LEV5gL4vlbkTp1yxz3qwxNmfFUYP3NaQ39AAU=
github.com/post04/webhook-utility v0.0.0-20210128070126-0e0edf3aa109/go.mod h1:BjrDoMCDsJm9l0TcuHoxseKNWrrh6d8Fqs/5kbwfRjA=
